
Microsoft Visual Studio Solution File, Format Version 12.00
# Visual Studio 15
VisualStudioVersion = 15.0.28010.2046
MinimumVisualStudioVersion = 10.0.40219.1
Project("{FAE04EC0-301F-11D3-BF4B-00C04F79EFBC}") = "ATM-1", "ATM-1\ATM-1.csproj", "{DEA5E079-5567-4003-B4DB-76BEA65874CE}"
EndProject
Global
	GlobalSection(SolutionConfigurationPlatforms) = preSolution
		Debug|Any CPU = Debug|Any CPU
		Release|Any CPU = Release|Any CPU
	EndGlobalSection
	GlobalSection(ProjectConfigurationPlatforms) = postSolution
		{DEA5E079-5567-4003-B4DB-76BEA65874CE}.Debug|Any CPU.ActiveCfg = Debug|Any CPU
		{DEA5E079-5567-4003-B4DB-76BEA65874CE}.Debug|Any CPU.Build.0 = Debug|Any CPU
		{DEA5E079-5567-4003-B4DB-76BEA65874CE}.Release|Any CPU.ActiveCfg = Release|Any CPU
		{DEA5E079-5567-4003-B4DB-76BEA65874CE}.Release|Any CPU.Build.0 = Release|Any CPU
	EndGlobalSection
	GlobalSection(SolutionProperties) = preSolution
		HideSolutionNode = FALSE
	EndGlobalSection
	GlobalSection(ExtensibilityGlobals) = postSolution
		SolutionGuid = {10156B62-0D79-45AC-A993-D84C375DC2D8}
	EndGlobalSection
EndGlobal
